
Microsoft Visual Studio Solution File, Format Version 12.00
# Visual Studio 15
VisualStudioVersion = 15.0.27428.2011
MinimumVisualStudioVersion = 10.0.40219.1
Project("{FAE04EC0-301F-11D3-BF4B-00C04F79EFBC}") = "OnLineStore.Domain", "OnLineStore.Domain\OnLineStore.Domain.csproj", "{F549716F-49A4-4074-B50D-648C61D6AABC}"
EndProject
Project("{FAE04EC0-301F-11D3-BF4B-00C04F79EFBC}") = "OnLineStore.Data", "OnLineStore.Data\OnLineStore.Data.csproj", "{9A6F606A-1A7E-4049-8580-797AEF2DEA3B}"
EndProject
Project("{FAE04EC0-301F-11D3-BF4B-00C04F79EFBC}") = "OnLineStoreUI", "OnLineStoreUI\OnLineStoreUI.csproj", "{C9055BF6-5AD9-4B2B-BEF3-A83D94057DE7}"
EndProject
Project("{FAE04EC0-301F-11D3-BF4B-00C04F79EFBC}") = "AsynkOnLineStoreUI", "AsynkOnLineStoreUI\AsynkOnLineStoreUI.csproj", "{F2A174E4-5189-411E-A5B8-92CE6CCEB3FC}"
EndProject
Global
	GlobalSection(SolutionConfigurationPlatforms) = preSolution
		Debug|Any CPU = Debug|Any CPU
		Release|Any CPU = Release|Any CPU
	EndGlobalSection
	GlobalSection(ProjectConfigurationPlatforms) = postSolution
		{F549716F-49A4-4074-B50D-648C61D6AABC}.Debug|Any CPU.ActiveCfg = Debug|Any CPU
		{F549716F-49A4-4074-B50D-648C61D6AABC}.Debug|Any CPU.Build.0 = Debug|Any CPU
		{F549716F-49A4-4074-B50D-648C61D6AABC}.Release|Any CPU.ActiveCfg = Release|Any CPU
		{F549716F-49A4-4074-B50D-648C61D6AABC}.Release|Any CPU.Build.0 = Release|Any CPU
		{9A6F606A-1A7E-4049-8580-797AEF2DEA3B}.Debug|Any CPU.ActiveCfg = Debug|Any CPU
		{9A6F606A-1A7E-4049-8580-797AEF2DEA3B}.Debug|Any CPU.Build.0 = Debug|Any CPU
		{9A6F606A-1A7E-4049-8580-797AEF2DEA3B}.Release|Any CPU.ActiveCfg = Release|Any CPU
		{9A6F606A-1A7E-4049-8580-797AEF2DEA3B}.Release|Any CPU.Build.0 = Release|Any CPU
		{C9055BF6-5AD9-4B2B-BEF3-A83D94057DE7}.Debug|Any CPU.ActiveCfg = Debug|Any CPU
		{C9055BF6-5AD9-4B2B-BEF3-A83D94057DE7}.Debug|Any CPU.Build.0 = Debug|Any CPU
		{C9055BF6-5AD9-4B2B-BEF3-A83D94057DE7}.Release|Any CPU.ActiveCfg = Release|Any CPU
		{C9055BF6-5AD9-4B2B-BEF3-A83D94057DE7}.Release|Any CPU.Build.0 = Release|Any CPU
		{F2A174E4-5189-411E-A5B8-92CE6CCEB3FC}.Debug|Any CPU.ActiveCfg = Debug|Any CPU
		{F2A174E4-5189-411E-A5B8-92CE6CCEB3FC}.Debug|Any CPU.Build.0 = Debug|Any CPU
		{F2A174E4-5189-411E-A5B8-92CE6CCEB3FC}.Release|Any CPU.ActiveCfg = Release|Any CPU
		{F2A174E4-5189-411E-A5B8-92CE6CCEB3FC}.Release|Any CPU.Build.0 = Release|Any CPU
	EndGlobalSection
	GlobalSection(SolutionProperties) = preSolution
		HideSolutionNode = FALSE
	EndGlobalSection
	GlobalSection(ExtensibilityGlobals) = postSolution
		SolutionGuid = {2DFDECBF-8889-4321-A606-A2FBBC46A9BB}
	EndGlobalSection
EndGlobal
